{
  "name": "mangakindlemaker",
  "version": "1.0.0",
  "lockfileVersion": 1,
  "requires": true,
  "dependencies": {
    "bootstrap": {
      "version": "5.3.0-alpha2",
      "resolved": "https://registry.npmjs.org/bootstrap/-/bootstrap-5.3.0-alpha2.tgz",
      "integrity": "sha512-r1ayh5d56rhwrezVjhM8bt8tiUcdQ8J9JeCwCTAeKSpOrCWH5V5S6XiJ26DqbX7o5QSH5HIKm7W88CKxVjhCVQ=="
    },
    "node-ebook-converter": {
      "version": "1.0.11",
      "resolved": "https://registry.npmjs.org/node-ebook-converter/-/node-ebook-converter-1.0.11.tgz",
      "integrity": "sha512-zHamSN++naXMWe+C/Z6VNwLIl0WpNW1b5o/vp6zrcp6BEINlZAoGfRt3lWNloBHfPOuVqECN+o2mpfgZGreJjQ=="
    },
    "perfect-scrollbar": {
      "version": "1.5.5",
      "resolved": "https://registry.npmjs.org/perfect-scrollbar/-/perfect-scrollbar-1.5.5.tgz",
      "integrity": "sha512-dzalfutyP3e/FOpdlhVryN4AJ5XDVauVWxybSkLZmakFE2sS3y3pc4JnSprw8tGmHvkaG5Edr5T7LBTZ+WWU2g=="
    }
  }
}
